
Microsoft Visual Studio Solution File, Format Version 12.00
# Visual Studio Version 17
VisualStudioVersion = 17.2.32616.157
MinimumVisualStudioVersion = 10.0.40219.1
Project("{9A19103F-16F7-4668-BE54-9A1E7A4F7556}") = "InsertDataByExcelFile", "InsertDataByExcelFile\InsertDataByExcelFile.csproj", "{F05EB6DC-0250-4454-BE53-349C2B9AEAF1}"
EndProject
Project("{9A19103F-16F7-4668-BE54-9A1E7A4F7556}") = "sendEmail", "..\sendEmail\sendEmail\sendEmail.csproj", "{CFAF306B-6A10-4F3E-A966-9AFC426321E6}"
EndProject
Global
	GlobalSection(SolutionConfigurationPlatforms) = preSolution
		Debug|Any CPU = Debug|Any CPU
		Release|Any CPU = Release|Any CPU
	EndGlobalSection
	GlobalSection(ProjectConfigurationPlatforms) = postSolution
		{F05EB6DC-0250-4454-BE53-349C2B9AEAF1}.Debug|Any CPU.ActiveCfg = Debug|Any CPU
		{F05EB6DC-0250-4454-BE53-349C2B9AEAF1}.Debug|Any CPU.Build.0 = Debug|Any CPU
		{F05EB6DC-0250-4454-BE53-349C2B9AEAF1}.Release|Any CPU.ActiveCfg = Release|Any CPU
		{F05EB6DC-0250-4454-BE53-349C2B9AEAF1}.Release|Any CPU.Build.0 = Release|Any CPU
		{CFAF306B-6A10-4F3E-A966-9AFC426321E6}.Debug|Any CPU.ActiveCfg = Debug|Any CPU
		{CFAF306B-6A10-4F3E-A966-9AFC426321E6}.Debug|Any CPU.Build.0 = Debug|Any CPU
		{CFAF306B-6A10-4F3E-A966-9AFC426321E6}.Release|Any CPU.ActiveCfg = Release|Any CPU
		{CFAF306B-6A10-4F3E-A966-9AFC426321E6}.Release|Any CPU.Build.0 = Release|Any CPU
	EndGlobalSection
	GlobalSection(SolutionProperties) = preSolution
		HideSolutionNode = FALSE
	EndGlobalSection
	GlobalSection(ExtensibilityGlobals) = postSolution
		SolutionGuid = {C546DE94-FF08-42F8-962B-9701E005AEB0}
	EndGlobalSection
EndGlobal
